
Microsoft Visual Studio Solution File, Format Version 12.00
# Visual Studio 15
VisualStudioVersion = 15.0.27004.2005
MinimumVisualStudioVersion = 10.0.40219.1
Project("{9A19103F-16F7-4668-BE54-9A1E7A4F7556}") = "DotNetDeployments", "DotNetDeployments\DotNetDeployments.csproj", "{DDF0E832-0CB6-4D40-A473-8B2B23C959E9}"
EndProject
Project("{FAE04EC0-301F-11D3-BF4B-00C04F79EFBC}") = "DotNetDeployments.Tests", "..\Tests\DotNetDeployments.Tests\DotNetDeployments.Tests.csproj", "{AEB8C5C7-4112-4A73-A6E2-F7596F8EAECC}"
EndProject
Global
	GlobalSection(SolutionConfigurationPlatforms) = preSolution
		Debug|Any CPU = Debug|Any CPU
		Release|Any CPU = Release|Any CPU
	EndGlobalSection
	GlobalSection(ProjectConfigurationPlatforms) = postSolution
		{DDF0E832-0CB6-4D40-A473-8B2B23C959E9}.Debug|Any CPU.ActiveCfg = Debug|Any CPU
		{DDF0E832-0CB6-4D40-A473-8B2B23C959E9}.Debug|Any CPU.Build.0 = Debug|Any CPU
		{DDF0E832-0CB6-4D40-A473-8B2B23C959E9}.Release|Any CPU.ActiveCfg = Release|Any CPU
		{DDF0E832-0CB6-4D40-A473-8B2B23C959E9}.Release|Any CPU.Build.0 = Release|Any CPU
		{AEB8C5C7-4112-4A73-A6E2-F7596F8EAECC}.Debug|Any CPU.ActiveCfg = Debug|Any CPU
		{AEB8C5C7-4112-4A73-A6E2-F7596F8EAECC}.Debug|Any CPU.Build.0 = Debug|Any CPU
		{AEB8C5C7-4112-4A73-A6E2-F7596F8EAECC}.Release|Any CPU.ActiveCfg = Release|Any CPU
		{AEB8C5C7-4112-4A73-A6E2-F7596F8EAECC}.Release|Any CPU.Build.0 = Release|Any CPU
	EndGlobalSection
	GlobalSection(SolutionProperties) = preSolution
		HideSolutionNode = FALSE
	EndGlobalSection
	GlobalSection(ExtensibilityGlobals) = postSolution
		SolutionGuid = {640FD2E1-200D-4B4B-8FB1-E65AE9FF53FF}
	EndGlobalSection
EndGlobal
